{
  "name": "gka-tpl-createjs",
  "version": "1.2.0",
  "lockfileVersion": 1,
  "requires": true,
  "dependencies": {
    "gka-utils": {
      "version": "0.0.1",
      "resolved": "https://registry.npmjs.org/gka-utils/-/gka-utils-0.0.1.tgz",
      "integrity": "sha512-R+dXQBLfdOPx6uXdP253l3o6LkRoEACHZB68ZQldJHFXiU+wmg+jZRulVf4SInTy5JsU6///CzS/3dOLEAo9Kg=="
    }
  }
}
