{
  "name": "gka-tpl-createjs",
  "version": "1.2.1",
  "lockfileVersion": 1,
  "requires": true,
  "dependencies": {
    "gka-utils": {
      "version": "0.0.3",
      "resolved": "https://registry.npmjs.org/gka-utils/-/gka-utils-0.0.3.tgz",
      "integrity": "sha512-RuPYdDpNIgv5lZI8K3gwfeQjle8k8C9+RmQkk/7MXdm4N5eoH8fIlZl+XrWk+EXWRLbWmUPBfIbE/XZsZPvWHQ=="
    }
  }
}
